
Microsoft Visual Studio Solution File, Format Version 12.00
# Visual Studio Version 17
VisualStudioVersion = 17.9.34714.143
MinimumVisualStudioVersion = 10.0.40219.1
Project("{FAE04EC0-301F-11D3-BF4B-00C04F79EFBC}") = "UnInfoApp", "UnInfoApp\UnInfoApp.csproj", "{B0880B11-9D8F-4B2A-863F-BBAE9E775D0E}"
EndProject
Global
	GlobalSection(SolutionConfigurationPlatforms) = preSolution
		Debug|Any CPU = Debug|Any CPU
		Release|Any CPU = Release|Any CPU
	EndGlobalSection
	GlobalSection(ProjectConfigurationPlatforms) = postSolution
		{B0880B11-9D8F-4B2A-863F-BBAE9E775D0E}.Debug|Any CPU.ActiveCfg = Debug|Any CPU
		{B0880B11-9D8F-4B2A-863F-BBAE9E775D0E}.Debug|Any CPU.Build.0 = Debug|Any CPU
		{B0880B11-9D8F-4B2A-863F-BBAE9E775D0E}.Debug|Any CPU.Deploy.0 = Debug|Any CPU
		{B0880B11-9D8F-4B2A-863F-BBAE9E775D0E}.Release|Any CPU.ActiveCfg = Release|Any CPU
		{B0880B11-9D8F-4B2A-863F-BBAE9E775D0E}.Release|Any CPU.Build.0 = Release|Any CPU
		{B0880B11-9D8F-4B2A-863F-BBAE9E775D0E}.Release|Any CPU.Deploy.0 = Release|Any CPU
	EndGlobalSection
	GlobalSection(SolutionProperties) = preSolution
		HideSolutionNode = FALSE
	EndGlobalSection
	GlobalSection(ExtensibilityGlobals) = postSolution
		SolutionGuid = {2ACA543A-1DAB-4E5E-A56D-B6F08710E807}
	EndGlobalSection
EndGlobal
